
Microsoft Visual Studio Solution File, Format Version 12.00
# Visual Studio Version 16
VisualStudioVersion = 16.0.32901.82
MinimumVisualStudioVersion = 10.0.40219.1
Project("{8BC9CEB8-8B4A-11D0-8D11-00A0C91BC942}") = "Lab 2", "Lab 2\Lab 2.vcxproj", "{1AB0D99E-E4DA-4413-897B-3B791192411D}"
EndProject
Project("{8BC9CEB8-8B4A-11D0-8D11-00A0C91BC942}") = "Lab2Test", "Lab2Test\Lab2Test.vcxproj", "{31A5618A-C0CA-4B8C-80D8-96803A758089}"
EndProject
Global
	GlobalSection(SolutionConfigurationPlatforms) = preSolution
		Debug|x64 = Debug|x64
		Debug|x86 = Debug|x86
		Release|x64 = Release|x64
		Release|x86 = Release|x86
	EndGlobalSection
	GlobalSection(ProjectConfigurationPlatforms) = postSolution
		{1AB0D99E-E4DA-4413-897B-3B791192411D}.Debug|x64.ActiveCfg = Debug|x64
		{1AB0D99E-E4DA-4413-897B-3B791192411D}.Debug|x64.Build.0 = Debug|x64
		{1AB0D99E-E4DA-4413-897B-3B791192411D}.Debug|x86.ActiveCfg = Debug|Win32
		{1AB0D99E-E4DA-4413-897B-3B791192411D}.Debug|x86.Build.0 = Debug|Win32
		{1AB0D99E-E4DA-4413-897B-3B791192411D}.Release|x64.ActiveCfg = Release|x64
		{1AB0D99E-E4DA-4413-897B-3B791192411D}.Release|x64.Build.0 = Release|x64
		{1AB0D99E-E4DA-4413-897B-3B791192411D}.Release|x86.ActiveCfg = Release|Win32
		{1AB0D99E-E4DA-4413-897B-3B791192411D}.Release|x86.Build.0 = Release|Win32
		{31A5618A-C0CA-4B8C-80D8-96803A758089}.Debug|x64.ActiveCfg = Debug|x64
		{31A5618A-C0CA-4B8C-80D8-96803A758089}.Debug|x64.Build.0 = Debug|x64
		{31A5618A-C0CA-4B8C-80D8-96803A758089}.Debug|x86.ActiveCfg = Debug|Win32
		{31A5618A-C0CA-4B8C-80D8-96803A758089}.Debug|x86.Build.0 = Debug|Win32
		{31A5618A-C0CA-4B8C-80D8-96803A758089}.Release|x64.ActiveCfg = Release|x64
		{31A5618A-C0CA-4B8C-80D8-96803A758089}.Release|x64.Build.0 = Release|x64
		{31A5618A-C0CA-4B8C-80D8-96803A758089}.Release|x86.ActiveCfg = Release|Win32
		{31A5618A-C0CA-4B8C-80D8-96803A758089}.Release|x86.Build.0 = Release|Win32
	EndGlobalSection
	GlobalSection(SolutionProperties) = preSolution
		HideSolutionNode = FALSE
	EndGlobalSection
	GlobalSection(ExtensibilityGlobals) = postSolution
		SolutionGuid = {985C6D06-AEAA-448A-85DA-3AC6D06CB2E9}
	EndGlobalSection
EndGlobal
